// !$*UTF8*$!
{
	archiveVersion = 1;
	classes = {
	};
	objectVersion = 56;
	objects = {

/* Begin PBXBuildFile section */
		D7026B372BCE1BEA00DD63AF /* FakeShopApp.swift in Sources */ = {isa = PBXBuildFile; fileRef = D7026B362BCE1BEA00DD63AF /* FakeShopApp.swift */; };
		D7026B392BCE1BEA00DD63AF /* ContentView.swift in Sources */ = {isa = PBXBuildFile; fileRef = D7026B382BCE1BEA00DD63AF /* ContentView.swift */; };
		D7026B3B2BCE1BED00DD63AF /* Assets.xcassets in Resources */ = {isa = PBXBuildFile; fileRef = D7026B3A2BCE1BED00DD63AF /* Assets.xcassets */; };
		D7026B3E2BCE1BED00DD63AF /* Preview Assets.xcassets in Resources */ = {isa = PBXBuildFile; fileRef = D7026B3D2BCE1BED00DD63AF /* Preview Assets.xcassets */; };
		D7026B452BCE1BFE00DD63AF /* NetworkAPI.swift in Sources */ = {isa = PBXBuildFile; fileRef = D7026B442BCE1BFE00DD63AF /* NetworkAPI.swift */; };
		D7026B472BCE1C0700DD63AF /* ShopModel.swift in Sources */ = {isa = PBXBuildFile; fileRef = D7026B462BCE1C0700DD63AF /* ShopModel.swift */; };
		D7026B492BCE1F8700DD63AF /* ShopModelView.swift in Sources */ = {isa = PBXBuildFile; fileRef = D7026B482BCE1F8700DD63AF /* ShopModelView.swift */; };
		D7026B4B2BCE22AC00DD63AF /* ItemDetailView.swift in Sources */ = {isa = PBXBuildFile; fileRef = D7026B4A2BCE22AC00DD63AF /* ItemDetailView.swift */; };
		D7026B4D2BCE369900DD63AF /* Color-Theme.swift in Sources */ = {isa = PBXBuildFile; fileRef = D7026B4C2BCE369900DD63AF /* Color-Theme.swift */; };
		D72EE8EA2BDDBD11001D746A /* BloqueItemsProducts.swift in Sources */ = {isa = PBXBuildFile; fileRef = D72EE8E92BDDBD11001D746A /* BloqueItemsProducts.swift */; };
		D72EE8EC2BDDE5B1001D746A /* ItemCard.swift in Sources */ = {isa = PBXBuildFile; fileRef = D72EE8EB2BDDE5B1001D746A /* ItemCard.swift */; };
		D77875212BD8CA710096899D /* RoundedCorners.swift in Sources */ = {isa = PBXBuildFile; fileRef = D77875202BD8CA710096899D /* RoundedCorners.swift */; };
		D77875232BD8CC4F0096899D /* CarModel.swift in Sources */ = {isa = PBXBuildFile; fileRef = D77875222BD8CC4F0096899D /* CarModel.swift */; };
		D7D205712BCF1B820051BC9A /* PrincipalView.swift in Sources */ = {isa = PBXBuildFile; fileRef = D7D205702BCF1B820051BC9A /* PrincipalView.swift */; };
		D7D205732BCF1C7E0051BC9A /* PlayfairDisplay-Bold.ttf in Resources */ = {isa = PBXBuildFile; fileRef = D7D205722BCF1C7E0051BC9A /* PlayfairDisplay-Bold.ttf */; };
		D7D205752BCF1C880051BC9A /* PlayfairDisplay-Regular.ttf in Resources */ = {isa = PBXBuildFile; fileRef = D7D205742BCF1C880051BC9A /* PlayfairDisplay-Regular.ttf */; };
		D7D205782BCF1EB40051BC9A /* CarView.swift in Sources */ = {isa = PBXBuildFile; fileRef = D7D205772BCF1EB40051BC9A /* CarView.swift */; };
/* End PBXBuildFile section */

/* Begin PBXFileReference section */
		D7026B332BCE1BEA00DD63AF /* FakeShop.app */ = {isa = PBXFileReference; explicitFileType = wrapper.application; includeInIndex = 0; path = FakeShop.app; sourceTree = BUILT_PRODUCTS_DIR; };
		D7026B362BCE1BEA00DD63AF /* FakeShopApp.swift */ = {isa = PBXFileReference; lastKnownFileType = sourcecode.swift; path = FakeShopApp.swift; sourceTree = "<group>"; };
		D7026B382BCE1BEA00DD63AF /* ContentView.swift */ = {isa = PBXFileReference; lastKnownFileType = sourcecode.swift; path = ContentView.swift; sourceTree = "<group>"; };
		D7026B3A2BCE1BED00DD63AF /* Assets.xcassets */ = {isa = PBXFileReference; lastKnownFileType = folder.assetcatalog; path = Assets.xcassets; sourceTree = "<group>"; };
		D7026B3D2BCE1BED00DD63AF /* Preview Assets.xcassets */ = {isa = PBXFileReference; lastKnownFileType = folder.assetcatalog; path = "Preview Assets.xcassets"; sourceTree = "<group>"; };
		D7026B442BCE1BFE00DD63AF /* NetworkAPI.swift */ = {isa = PBXFileReference; lastKnownFileType = sourcecode.swift; path = NetworkAPI.swift; sourceTree = "<group>"; usesTabs = 0; };
		D7026B462BCE1C0700DD63AF /* ShopModel.swift */ = {isa = PBXFileReference; lastKnownFileType = sourcecode.swift; path = ShopModel.swift; sourceTree = "<group>"; };
		D7026B482BCE1F8700DD63AF /* ShopModelView.swift */ = {isa = PBXFileReference; lastKnownFileType = sourcecode.swift; path = ShopModelView.swift; sourceTree = "<group>"; };
		D7026B4A2BCE22AC00DD63AF /* ItemDetailView.swift */ = {isa = PBXFileReference; lastKnownFileType = sourcecode.swift; path = ItemDetailView.swift; sourceTree = "<group>"; };
		D7026B4C2BCE369900DD63AF /* Color-Theme.swift */ = {isa = PBXFileReference; lastKnownFileType = sourcecode.swift; path = "Color-Theme.swift"; sourceTree = "<group>"; };
		D72EE8E92BDDBD11001D746A /* BloqueItemsProducts.swift */ = {isa = PBXFileReference; lastKnownFileType = sourcecode.swift; path = BloqueItemsProducts.swift; sourceTree = "<group>"; };
		D72EE8EB2BDDE5B1001D746A /* ItemCard.swift */ = {isa = PBXFileReference; lastKnownFileType = sourcecode.swift; path = ItemCard.swift; sourceTree = "<group>"; };
		D77875202BD8CA710096899D /* RoundedCorners.swift */ = {isa = PBXFileReference; lastKnownFileType = sourcecode.swift; path = RoundedCorners.swift; sourceTree = "<group>"; };
		D77875222BD8CC4F0096899D /* CarModel.swift */ = {isa = PBXFileReference; lastKnownFileType = sourcecode.swift; path = CarModel.swift; sourceTree = "<group>"; };
		D7D205702BCF1B820051BC9A /* PrincipalView.swift */ = {isa = PBXFileReference; lastKnownFileType = sourcecode.swift; path = PrincipalView.swift; sourceTree = "<group>"; };
		D7D205722BCF1C7E0051BC9A /* PlayfairDisplay-Bold.ttf */ = {isa = PBXFileReference; lastKnownFileType = file; path = "PlayfairDisplay-Bold.ttf"; sourceTree = "<group>"; };
		D7D205742BCF1C880051BC9A /* PlayfairDisplay-Regular.ttf */ = {isa = PBXFileReference; lastKnownFileType = file; path = "PlayfairDisplay-Regular.ttf"; sourceTree = "<group>"; };
		D7D205762BCF1CF40051BC9A /* Info.plist */ = {isa = PBXFileReference; lastKnownFileType = text.plist; path = Info.plist; sourceTree = "<group>"; };
		D7D205772BCF1EB40051BC9A /* CarView.swift */ = {isa = PBXFileReference; lastKnownFileType = sourcecode.swift; path = CarView.swift; sourceTree = "<group>"; };
/* End PBXFileReference section */

/* Begin PBXFrameworksBuildPhase section */
		D7026B302BCE1BEA00DD63AF /* Frameworks */ = {
			isa = PBXFrameworksBuildPhase;
			buildActionMask = 2147483647;
			files = (
			);
			runOnlyForDeploymentPostprocessing = 0;
		};
/* End PBXFrameworksBuildPhase section */

/* Begin PBXGroup section */
		D7026B2A2BCE1BEA00DD63AF = {
			isa = PBXGroup;
			children = (
				D7026B352BCE1BEA00DD63AF /* FakeShop */,
				D7026B342BCE1BEA00DD63AF /* Products */,
			);
			sourceTree = "<group>";
		};
		D7026B342BCE1BEA00DD63AF /* Products */ = {
			isa = PBXGroup;
			children = (
				D7026B332BCE1BEA00DD63AF /* FakeShop.app */,
			);
			name = Products;
			sourceTree = "<group>";
		};
		D7026B352BCE1BEA00DD63AF /* FakeShop */ = {
			isa = PBXGroup;
			children = (
				D7D205762BCF1CF40051BC9A /* Info.plist */,
				D7026B362BCE1BEA00DD63AF /* FakeShopApp.swift */,
				D7026B382BCE1BEA00DD63AF /* ContentView.swift */,
				D718D80F2BD9AD7600553846 /* Network */,
				D718D8102BD9AD8900553846 /* ViewModel */,
				D778751E2BD8C9ED0096899D /* Views */,
				D778751D2BD8C9D60096899D /* Model */,
				D778751F2BD8CA330096899D /* Topics */,
				D7026B3A2BCE1BED00DD63AF /* Assets.xcassets */,
				D7026B3C2BCE1BED00DD63AF /* Preview Content */,
			);
			path = FakeShop;
			sourceTree = "<group>";
		};
		D7026B3C2BCE1BED00DD63AF /* Preview Content */ = {
			isa = PBXGroup;
			children = (
				D7026B3D2BCE1BED00DD63AF /* Preview Assets.xcassets */,
			);
			path = "Preview Content";
			sourceTree = "<group>";
		};
		D718D80F2BD9AD7600553846 /* Network */ = {
			isa = PBXGroup;
			children = (
				D7026B442BCE1BFE00DD63AF /* NetworkAPI.swift */,
			);
			path = Network;
			sourceTree = "<group>";
		};
		D718D8102BD9AD8900553846 /* ViewModel */ = {
			isa = PBXGroup;
			children = (
				D7026B482BCE1F8700DD63AF /* ShopModelView.swift */,
			);
			path = ViewModel;
			sourceTree = "<group>";
		};
		D778751D2BD8C9D60096899D /* Model */ = {
			isa = PBXGroup;
			children = (
				D7026B462BCE1C0700DD63AF /* ShopModel.swift */,
				D77875222BD8CC4F0096899D /* CarModel.swift */,
			);
			path = Model;
			sourceTree = "<group>";
		};
		D778751E2BD8C9ED0096899D /* Views */ = {
			isa = PBXGroup;
			children = (
				D7D205702BCF1B820051BC9A /* PrincipalView.swift */,
				D72EE8E92BDDBD11001D746A /* BloqueItemsProducts.swift */,
				D72EE8EB2BDDE5B1001D746A /* ItemCard.swift */,
				D7026B4A2BCE22AC00DD63AF /* ItemDetailView.swift */,
				D7D205772BCF1EB40051BC9A /* CarView.swift */,
			);
			path = Views;
			sourceTree = "<group>";
		};
		D778751F2BD8CA330096899D /* Topics */ = {
			isa = PBXGroup;
			children = (
				D7026B4C2BCE369900DD63AF /* Color-Theme.swift */,
				D77875202BD8CA710096899D /* RoundedCorners.swift */,
				D7D205742BCF1C880051BC9A /* PlayfairDisplay-Regular.ttf */,
				D7D205722BCF1C7E0051BC9A /* PlayfairDisplay-Bold.ttf */,
			);
			path = Topics;
			sourceTree = "<group>";
		};
/* End PBXGroup section */

/* Begin PBXNativeTarget section */
		D7026B322BCE1BEA00DD63AF /* FakeShop */ = {
			isa = PBXNativeTarget;
			buildConfigurationList = D7026B412BCE1BED00DD63AF /* Build configuration list for PBXNativeTarget "FakeShop" */;
			buildPhases = (
				D7026B2F2BCE1BEA00DD63AF /* Sources */,
				D7026B302BCE1BEA00DD63AF /* Frameworks */,
				D7026B312BCE1BEA00DD63AF /* Resources */,
			);
			buildRules = (
			);
			dependencies = (
			);
			name = FakeShop;
			productName = FakeShop;
			productReference = D7026B332BCE1BEA00DD63AF /* FakeShop.app */;
			productType = "com.apple.product-type.application";
		};
/* End PBXNativeTarget section */

/* Begin PBXProject section */
		D7026B2B2BCE1BEA00DD63AF /* Project object */ = {
			isa = PBXProject;
			attributes = {
				BuildIndependentTargetsInParallel = 1;
				LastSwiftUpdateCheck = 1510;
				LastUpgradeCheck = 1510;
				TargetAttributes = {
					D7026B322BCE1BEA00DD63AF = {
						CreatedOnToolsVersion = 15.1;
					};
				};
			};
			buildConfigurationList = D7026B2E2BCE1BEA00DD63AF /* Build configuration list for PBXProject "FakeShop" */;
			compatibilityVersion = "Xcode 14.0";
			developmentRegion = en;
			hasScannedForEncodings = 0;
			knownRegions = (
				en,
				Base,
			);
			mainGroup = D7026B2A2BCE1BEA00DD63AF;
			productRefGroup = D7026B342BCE1BEA00DD63AF /* Products */;
			projectDirPath = "";
			projectRoot = "";
			targets = (
				D7026B322BCE1BEA00DD63AF /* FakeShop */,
			);
		};
/* End PBXProject section */

/* Begin PBXResourcesBuildPhase section */
		D7026B312BCE1BEA00DD63AF /* Resources */ = {
			isa = PBXResourcesBuildPhase;
			buildActionMask = 2147483647;
			files = (
				D7D205752BCF1C880051BC9A /* PlayfairDisplay-Regular.ttf in Resources */,
				D7D205732BCF1C7E0051BC9A /* PlayfairDisplay-Bold.ttf in Resources */,
				D7026B3E2BCE1BED00DD63AF /* Preview Assets.xcassets in Resources */,
				D7026B3B2BCE1BED00DD63AF /* Assets.xcassets in Resources */,
			);
			runOnlyForDeploymentPostprocessing = 0;
		};
/* End PBXResourcesBuildPhase section */

/* Begin PBXSourcesBuildPhase section */
		D7026B2F2BCE1BEA00DD63AF /* Sources */ = {
			isa = PBXSourcesBuildPhase;
			buildActionMask = 2147483647;
			files = (
				D77875212BD8CA710096899D /* RoundedCorners.swift in Sources */,
				D7026B4B2BCE22AC00DD63AF /* ItemDetailView.swift in Sources */,
				D72EE8EA2BDDBD11001D746A /* BloqueItemsProducts.swift in Sources */,
				D7026B392BCE1BEA00DD63AF /* ContentView.swift in Sources */,
				D7026B4D2BCE369900DD63AF /* Color-Theme.swift in Sources */,
				D7D205712BCF1B820051BC9A /* PrincipalView.swift in Sources */,
				D77875232BD8CC4F0096899D /* CarModel.swift in Sources */,
				D7026B472BCE1C0700DD63AF /* ShopModel.swift in Sources */,
				D7026B492BCE1F8700DD63AF /* ShopModelView.swift in Sources */,
				D72EE8EC2BDDE5B1001D746A /* ItemCard.swift in Sources */,
				D7026B372BCE1BEA00DD63AF /* FakeShopApp.swift in Sources */,
				D7026B452BCE1BFE00DD63AF /* NetworkAPI.swift in Sources */,
				D7D205782BCF1EB40051BC9A /* CarView.swift in Sources */,
			);
			runOnlyForDeploymentPostprocessing = 0;
		};
/* End PBXSourcesBuildPhase section */

/* Begin XCBuildConfiguration section */
		D7026B3F2BCE1BED00DD63AF /* Debug */ = {
			isa = XCBuildConfiguration;
			buildSettings = {
				ALWAYS_SEARCH_USER_PATHS = NO;
				ASSETCATALOG_COMPILER_GENERATE_SWIFT_ASSET_SYMBOL_EXTENSIONS = YES;
				CLANG_ANALYZER_NONNULL = YES;
				CLANG_ANALYZER_NUMBER_OBJECT_CONVERSION = YES_AGGRESSIVE;
				CLANG_CXX_LANGUAGE_STANDARD = "gnu++20";
				CLANG_ENABLE_MODULES = YES;
				CLANG_ENABLE_OBJC_ARC = YES;
				CLANG_ENABLE_OBJC_WEAK = YES;
				CLANG_WARN_BLOCK_CAPTURE_AUTORELEASING = YES;
				CLANG_WARN_BOOL_CONVERSION = YES;
				CLANG_WARN_COMMA = YES;
				CLANG_WARN_CONSTANT_CONVERSION = YES;
				CLANG_WARN_DEPRECATED_OBJC_IMPLEMENTATIONS = YES;
				CLANG_WARN_DIRECT_OBJC_ISA_USAGE = YES_ERROR;
				CLANG_WARN_DOCUMENTATION_COMMENTS = YES;
				CLANG_WARN_EMPTY_BODY = YES;
				CLANG_WARN_ENUM_CONVERSION = YES;
				CLANG_WARN_INFINITE_RECURSION = YES;
				CLANG_WARN_INT_CONVERSION = YES;
				CLANG_WARN_NON_LITERAL_NULL_CONVERSION = YES;
				CLANG_WARN_OBJC_IMPLICIT_RETAIN_SELF = YES;
				CLANG_WARN_OBJC_LITERAL_CONVERSION = YES;
				CLANG_WARN_OBJC_ROOT_CLASS = YES_ERROR;
				CLANG_WARN_QUOTED_INCLUDE_IN_FRAMEWORK_HEADER = YES;
				CLANG_WARN_RANGE_LOOP_ANALYSIS = YES;
				CLANG_WARN_STRICT_PROTOTYPES = YES;
				CLANG_WARN_SUSPICIOUS_MOVE = YES;
				CLANG_WARN_UNGUARDED_AVAILABILITY = YES_AGGRESSIVE;
				CLANG_WARN_UNREACHABLE_CODE = YES;
				CLANG_WARN__DUPLICATE_METHOD_MATCH = YES;
				COPY_PHASE_STRIP = NO;
				DEBUG_INFORMATION_FORMAT = dwarf;
				ENABLE_STRICT_OBJC_MSGSEND = YES;
				ENABLE_TESTABILITY = YES;
				ENABLE_USER_SCRIPT_SANDBOXING = YES;
				GCC_C_LANGUAGE_STANDARD = gnu17;
				GCC_DYNAMIC_NO_PIC = NO;
				GCC_NO_COMMON_BLOCKS = YES;
				GCC_OPTIMIZATION_LEVEL = 0;
				GCC_PREPROCESSOR_DEFINITIONS = (
					"DEBUG=1",
					"$(inherited)",
				);
				GCC_WARN_64_TO_32_BIT_CONVERSION = YES;
				GCC_WARN_ABOUT_RETURN_TYPE = YES_ERROR;
				GCC_WARN_UNDECLARED_SELECTOR = YES;
				GCC_WARN_UNINITIALIZED_AUTOS = YES_AGGRESSIVE;
				GCC_WARN_UNUSED_FUNCTION = YES;
				GCC_WARN_UNUSED_VARIABLE = YES;
				IPHONEOS_DEPLOYMENT_TARGET = 17.2;
				LOCALIZATION_PREFERS_STRING_CATALOGS = YES;
				MTL_ENABLE_DEBUG_INFO = INCLUDE_SOURCE;
				MTL_FAST_MATH = YES;
				ONLY_ACTIVE_ARCH = YES;
				SDKROOT = iphoneos;
				SWIFT_ACTIVE_COMPILATION_CONDITIONS = "DEBUG $(inherited)";
				SWIFT_OPTIMIZATION_LEVEL = "-Onone";
			};
			name = Debug;
		};
		D7026B402BCE1BED00DD63AF /* Release */ = {
			isa = XCBuildConfiguration;
			buildSettings = {
				ALWAYS_SEARCH_USER_PATHS = NO;
				ASSETCATALOG_COMPILER_GENERATE_SWIFT_ASSET_SYMBOL_EXTENSIONS = YES;
				CLANG_ANALYZER_NONNULL = YES;
				CLANG_ANALYZER_NUMBER_OBJECT_CONVERSION = YES_AGGRESSIVE;
				CLANG_CXX_LANGUAGE_STANDARD = "gnu++20";
				CLANG_ENABLE_MODULES = YES;
				CLANG_ENABLE_OBJC_ARC = YES;
				CLANG_ENABLE_OBJC_WEAK = YES;
				CLANG_WARN_BLOCK_CAPTURE_AUTORELEASING = YES;
				CLANG_WARN_BOOL_CONVERSION = YES;
				CLANG_WARN_COMMA = YES;
				CLANG_WARN_CONSTANT_CONVERSION = YES;
				CLANG_WARN_DEPRECATED_OBJC_IMPLEMENTATIONS = YES;
				CLANG_WARN_DIRECT_OBJC_ISA_USAGE = YES_ERROR;
				CLANG_WARN_DOCUMENTATION_COMMENTS = YES;
				CLANG_WARN_EMPTY_BODY = YES;
				CLANG_WARN_ENUM_CONVERSION = YES;
				CLANG_WARN_INFINITE_RECURSION = YES;
				CLANG_WARN_INT_CONVERSION = YES;
				CLANG_WARN_NON_LITERAL_NULL_CONVERSION = YES;
				CLANG_WARN_OBJC_IMPLICIT_RETAIN_SELF = YES;
				CLANG_WARN_OBJC_LITERAL_CONVERSION = YES;
				CLANG_WARN_OBJC_ROOT_CLASS = YES_ERROR;
				CLANG_WARN_QUOTED_INCLUDE_IN_FRAMEWORK_HEADER = YES;
				CLANG_WARN_RANGE_LOOP_ANALYSIS = YES;
				CLANG_WARN_STRICT_PROTOTYPES = YES;
				CLANG_WARN_SUSPICIOUS_MOVE = YES;
				CLANG_WARN_UNGUARDED_AVAILABILITY = YES_AGGRESSIVE;
				CLANG_WARN_UNREACHABLE_CODE = YES;
				CLANG_WARN__DUPLICATE_METHOD_MATCH = YES;
				COPY_PHASE_STRIP = NO;
				DEBUG_INFORMATION_FORMAT = "dwarf-with-dsym";
				ENABLE_NS_ASSERTIONS = NO;
				ENABLE_STRICT_OBJC_MSGSEND = YES;
				ENABLE_USER_SCRIPT_SANDBOXING = YES;
				GCC_C_LANGUAGE_STANDARD = gnu17;
				GCC_NO_COMMON_BLOCKS = YES;
				GCC_WARN_64_TO_32_BIT_CONVERSION = YES;
				GCC_WARN_ABOUT_RETURN_TYPE = YES_ERROR;
				GCC_WARN_UNDECLARED_SELECTOR = YES;
				GCC_WARN_UNINITIALIZED_AUTOS = YES_AGGRESSIVE;
				GCC_WARN_UNUSED_FUNCTION = YES;
				GCC_WARN_UNUSED_VARIABLE = YES;
				IPHONEOS_DEPLOYMENT_TARGET = 17.2;
				LOCALIZATION_PREFERS_STRING_CATALOGS = YES;
				MTL_ENABLE_DEBUG_INFO = NO;
				MTL_FAST_MATH = YES;
				SDKROOT = iphoneos;
				SWIFT_COMPILATION_MODE = wholemodule;
				VALIDATE_PRODUCT = YES;
			};
			name = Release;
		};
		D7026B422BCE1BED00DD63AF /* Debug */ = {
			isa = XCBuildConfiguration;
			buildSettings = {
				ASSETCATALOG_COMPILER_APPICON_NAME = AppIcon;
				ASSETCATALOG_COMPILER_GLOBAL_ACCENT_COLOR_NAME = AccentColor;
				CODE_SIGN_STYLE = Automatic;
				CURRENT_PROJECT_VERSION = 1;
				DEVELOPMENT_ASSET_PATHS = "\"FakeShop/Preview Content\"";
				DEVELOPMENT_TEAM = NY24Z9G667;
				ENABLE_PREVIEWS = YES;
				GENERATE_INFOPLIST_FILE = YES;
				INFOPLIST_FILE = FakeShop/Info.plist;
				INFOPLIST_KEY_UIApplicationSceneManifest_Generation = YES;
				INFOPLIST_KEY_UIApplicationSupportsIndirectInputEvents = YES;
				INFOPLIST_KEY_UILaunchScreen_Generation = YES;
				INFOPLIST_KEY_UISupportedInterfaceOrientations_iPad = "UIInterfaceOrientationPortrait UIInterfaceOrientationPortraitUpsideDown UIInterfaceOrientationLandscapeLeft UIInterfaceOrientationLandscapeRight";
				INFOPLIST_KEY_UISupportedInterfaceOrientations_iPhone = "UIInterfaceOrientationPortrait UIInterfaceOrientationLandscapeLeft UIInterfaceOrientationLandscapeRight";
				LD_RUNPATH_SEARCH_PATHS = (
					"$(inherited)",
					"@executable_path/Frameworks",
				);
				MARKETING_VERSION = 1.0;
				PRODUCT_BUNDLE_IDENTIFIER = jairolc.FakeShop;
				PRODUCT_NAME = "$(TARGET_NAME)";
				SWIFT_EMIT_LOC_STRINGS = YES;
				SWIFT_VERSION = 5.0;
				TARGETED_DEVICE_FAMILY = "1,2";
			};
			name = Debug;
		};
		D7026B432BCE1BED00DD63AF /* Release */ = {
			isa = XCBuildConfiguration;
			buildSettings = {
				ASSETCATALOG_COMPILER_APPICON_NAME = AppIcon;
				ASSETCATALOG_COMPILER_GLOBAL_ACCENT_COLOR_NAME = AccentColor;
				CODE_SIGN_STYLE = Automatic;
				CURRENT_PROJECT_VERSION = 1;
				DEVELOPMENT_ASSET_PATHS = "\"FakeShop/Preview Content\"";
				DEVELOPMENT_TEAM = NY24Z9G667;
				ENABLE_PREVIEWS = YES;
				GENERATE_INFOPLIST_FILE = YES;
				INFOPLIST_FILE = FakeShop/Info.plist;
				INFOPLIST_KEY_UIApplicationSceneManifest_Generation = YES;
				INFOPLIST_KEY_UIApplicationSupportsIndirectInputEvents = YES;
				INFOPLIST_KEY_UILaunchScreen_Generation = YES;
				INFOPLIST_KEY_UISupportedInterfaceOrientations_iPad = "UIInterfaceOrientationPortrait UIInterfaceOrientationPortraitUpsideDown UIInterfaceOrientationLandscapeLeft UIInterfaceOrientationLandscapeRight";
				INFOPLIST_KEY_UISupportedInterfaceOrientations_iPhone = "UIInterfaceOrientationPortrait UIInterfaceOrientationLandscapeLeft UIInterfaceOrientationLandscapeRight";
				LD_RUNPATH_SEARCH_PATHS = (
					"$(inherited)",
					"@executable_path/Frameworks",
				);
				MARKETING_VERSION = 1.0;
				PRODUCT_BUNDLE_IDENTIFIER = jairolc.FakeShop;
				PRODUCT_NAME = "$(TARGET_NAME)";
				SWIFT_EMIT_LOC_STRINGS = YES;
				SWIFT_VERSION = 5.0;
				TARGETED_DEVICE_FAMILY = "1,2";
			};
			name = Release;
		};
/* End XCBuildConfiguration section */

/* Begin XCConfigurationList section */
		D7026B2E2BCE1BEA00DD63AF /* Build configuration list for PBXProject "FakeShop" */ = {
			isa = XCConfigurationList;
			buildConfigurations = (
				D7026B3F2BCE1BED00DD63AF /* Debug */,
				D7026B402BCE1BED00DD63AF /* Release */,
			);
			defaultConfigurationIsVisible = 0;
			defaultConfigurationName = Release;
		};
		D7026B412BCE1BED00DD63AF /* Build configuration list for PBXNativeTarget "FakeShop" */ = {
			isa = XCConfigurationList;
			buildConfigurations = (
				D7026B422BCE1BED00DD63AF /* Debug */,
				D7026B432BCE1BED00DD63AF /* Release */,
			);
			defaultConfigurationIsVisible = 0;
			defaultConfigurationName = Release;
		};
/* End XCConfigurationList section */
	};
	rootObject = D7026B2B2BCE1BEA00DD63AF /* Project object */;
}
